
Microsoft Visual Studio Solution File, Format Version 12.00
# Visual Studio Version 17
VisualStudioVersion = 17.14.36221.1
MinimumVisualStudioVersion = 10.0.40219.1
Project("{2150E333-8FDC-42A3-9474-1A3956D46DE8}") = "src", "src", "{02EA681E-C7D8-13C7-8484-4AC65E1B71E8}"
EndProject
Project("{FAE04EC0-301F-11D3-BF4B-00C04F79EFBC}") = "MaxiShop.Web", "MaxiShop.Web\MaxiShop.Web.csproj", "{0A9AC64A-9AC8-4784-9B44-1FB461D385CA}"
EndProject
Project("{FAE04EC0-301F-11D3-BF4B-00C04F79EFBC}") = "MaxiShop.Data", "MaxiShop.Data\MaxiShop.Data.csproj", "{58438FFA-32E7-4A66-87E4-F0E8808E3EC2}"
EndProject
Project("{FAE04EC0-301F-11D3-BF4B-00C04F79EFBC}") = "MaxiShop.Domain", "MaxiShop.Domain\MaxiShop.Domain.csproj", "{B1AEC42F-2713-46D0-8A62-BD4E047054B7}"
EndProject
Project("{FAE04EC0-301F-11D3-BF4B-00C04F79EFBC}") = "MaxiShop.Business", "MaxiShop.Business\MaxiShop.Business.csproj", "{D987269D-2A11-4CE2-B2E9-927563B27E91}"
EndProject
Global
	GlobalSection(SolutionConfigurationPlatforms) = preSolution
		Debug|Any CPU = Debug|Any CPU
		Release|Any CPU = Release|Any CPU
	EndGlobalSection
	GlobalSection(ProjectConfigurationPlatforms) = postSolution
		{0A9AC64A-9AC8-4784-9B44-1FB461D385CA}.Debug|Any CPU.ActiveCfg = Debug|Any CPU
		{0A9AC64A-9AC8-4784-9B44-1FB461D385CA}.Debug|Any CPU.Build.0 = Debug|Any CPU
		{0A9AC64A-9AC8-4784-9B44-1FB461D385CA}.Release|Any CPU.ActiveCfg = Release|Any CPU
		{0A9AC64A-9AC8-4784-9B44-1FB461D385CA}.Release|Any CPU.Build.0 = Release|Any CPU
		{58438FFA-32E7-4A66-87E4-F0E8808E3EC2}.Debug|Any CPU.ActiveCfg = Debug|Any CPU
		{58438FFA-32E7-4A66-87E4-F0E8808E3EC2}.Debug|Any CPU.Build.0 = Debug|Any CPU
		{58438FFA-32E7-4A66-87E4-F0E8808E3EC2}.Release|Any CPU.ActiveCfg = Release|Any CPU
		{58438FFA-32E7-4A66-87E4-F0E8808E3EC2}.Release|Any CPU.Build.0 = Release|Any CPU
		{B1AEC42F-2713-46D0-8A62-BD4E047054B7}.Debug|Any CPU.ActiveCfg = Debug|Any CPU
		{B1AEC42F-2713-46D0-8A62-BD4E047054B7}.Debug|Any CPU.Build.0 = Debug|Any CPU
		{B1AEC42F-2713-46D0-8A62-BD4E047054B7}.Release|Any CPU.ActiveCfg = Release|Any CPU
		{B1AEC42F-2713-46D0-8A62-BD4E047054B7}.Release|Any CPU.Build.0 = Release|Any CPU
		{D987269D-2A11-4CE2-B2E9-927563B27E91}.Debug|Any CPU.ActiveCfg = Debug|Any CPU
		{D987269D-2A11-4CE2-B2E9-927563B27E91}.Debug|Any CPU.Build.0 = Debug|Any CPU
		{D987269D-2A11-4CE2-B2E9-927563B27E91}.Release|Any CPU.ActiveCfg = Release|Any CPU
		{D987269D-2A11-4CE2-B2E9-927563B27E91}.Release|Any CPU.Build.0 = Release|Any CPU
	EndGlobalSection
	GlobalSection(SolutionProperties) = preSolution
		HideSolutionNode = FALSE
	EndGlobalSection
	GlobalSection(NestedProjects) = preSolution
		{0A9AC64A-9AC8-4784-9B44-1FB461D385CA} = {02EA681E-C7D8-13C7-8484-4AC65E1B71E8}
		{58438FFA-32E7-4A66-87E4-F0E8808E3EC2} = {02EA681E-C7D8-13C7-8484-4AC65E1B71E8}
		{B1AEC42F-2713-46D0-8A62-BD4E047054B7} = {02EA681E-C7D8-13C7-8484-4AC65E1B71E8}
		{D987269D-2A11-4CE2-B2E9-927563B27E91} = {02EA681E-C7D8-13C7-8484-4AC65E1B71E8}
	EndGlobalSection
	GlobalSection(ExtensibilityGlobals) = postSolution
		SolutionGuid = {73A16025-FB78-438F-9E40-A669B24B3BC1}
	EndGlobalSection
EndGlobal
